// !$*UTF8*$!
{
	archiveVersion = 1;
	classes = {
	};
	objectVersion = 46;
	objects = {

/* Begin PBXBuildFile section */
		1B6AEF38197F505300C0419D /* Foundation.framework in Frameworks */ = {isa = PBXBuildFile; fileRef = 1B6AEEF7197F47C400C0419D /* Foundation.framework */; };
		1B6AEF45197F505300C0419D /* XCTest.framework in Frameworks */ = {isa = PBXBuildFile; fileRef = 1B6AEF16197F47C400C0419D /* XCTest.framework */; };
		1B6AEF46197F505300C0419D /* Foundation.framework in Frameworks */ = {isa = PBXBuildFile; fileRef = 1B6AEEF7197F47C400C0419D /* Foundation.framework */; };
		1B6AEF47197F505300C0419D /* UIKit.framework in Frameworks */ = {isa = PBXBuildFile; fileRef = 1B6AEEFB197F47C400C0419D /* UIKit.framework */; };
		1B6AEF4A197F505300C0419D /* libPublicKeyPinningConnection.a in Frameworks */ = {isa = PBXBuildFile; fileRef = 1B6AEF37197F505300C0419D /* libPublicKeyPinningConnection.a */; };
		1B6AEF50197F505300C0419D /* InfoPlist.strings in Resources */ = {isa = PBXBuildFile; fileRef = 1B6AEF4E197F505300C0419D /* InfoPlist.strings */; };
		1B6AEF52197F505300C0419D /* PublicKeyPinningConnectionTests.m in Sources */ = {isa = PBXBuildFile; fileRef = 1B6AEF51197F505300C0419D /* PublicKeyPinningConnectionTests.m */; };
		1B6AEF59197F506300C0419D /* Security.framework in Frameworks */ = {isa = PBXBuildFile; fileRef = 1B6AEF31197F4F5100C0419D /* Security.framework */; };
		1B6AEF5A197F50BA00C0419D /* PublicKeyPinningConnectionDelegate.h in CopyFiles */ = {isa = PBXBuildFile; fileRef = 1B6AEF2E197F47FD00C0419D /* PublicKeyPinningConnectionDelegate.h */; };
		1B6AEF5B197F50C000C0419D /* PublicKeyPinningConnectionDelegate.m in Sources */ = {isa = PBXBuildFile; fileRef = 1B6AEF2F197F47FD00C0419D /* PublicKeyPinningConnectionDelegate.m */; };
/* End PBXBuildFile section */

/* Begin PBXContainerItemProxy section */
		1B6AEF48197F505300C0419D /* PBXContainerItemProxy */ = {
			isa = PBXContainerItemProxy;
			containerPortal = 1B6AEEEC197F47C400C0419D /* Project object */;
			proxyType = 1;
			remoteGlobalIDString = 1B6AEF36197F505300C0419D;
			remoteInfo = PublicKeyPinningConnection;
		};
/* End PBXContainerItemProxy section */

/* Begin PBXCopyFilesBuildPhase section */
		1B6AEF35197F505300C0419D /* CopyFiles */ = {
			isa = PBXCopyFilesBuildPhase;
			buildActionMask = 2147483647;
			dstPath = "include/$(PRODUCT_NAME)";
			dstSubfolderSpec = 16;
			files = (
				1B6AEF5A197F50BA00C0419D /* PublicKeyPinningConnectionDelegate.h in CopyFiles */,
			);
			runOnlyForDeploymentPostprocessing = 0;
		};
/* End PBXCopyFilesBuildPhase section */

/* Begin PBXFileReference section */
		1B6AEEF7197F47C400C0419D /* Foundation.framework */ = {isa = PBXFileReference; lastKnownFileType = wrapper.framework; name = Foundation.framework; path = System/Library/Frameworks/Foundation.framework; sourceTree = SDKROOT; };
		1B6AEEF9197F47C400C0419D /* CoreGraphics.framework */ = {isa = PBXFileReference; lastKnownFileType = wrapper.framework; name = CoreGraphics.framework; path = System/Library/Frameworks/CoreGraphics.framework; sourceTree = SDKROOT; };
		1B6AEEFB197F47C400C0419D /* UIKit.framework */ = {isa = PBXFileReference; lastKnownFileType = wrapper.framework; name = UIKit.framework; path = System/Library/Frameworks/UIKit.framework; sourceTree = SDKROOT; };
		1B6AEF16197F47C400C0419D /* XCTest.framework */ = {isa = PBXFileReference; lastKnownFileType = wrapper.framework; name = XCTest.framework; path = Library/Frameworks/XCTest.framework; sourceTree = DEVELOPER_DIR; };
		1B6AEF2C197F47D600C0419D /* README.md */ = {isa = PBXFileReference; fileEncoding = 4; lastKnownFileType = text; path = README.md; sourceTree = "<group>"; };
		1B6AEF2E197F47FD00C0419D /* PublicKeyPinningConnectionDelegate.h */ = {isa = PBXFileReference; fileEncoding = 4; lastKnownFileType = sourcecode.c.h; name = PublicKeyPinningConnectionDelegate.h; path = ../PublicKeyPinningExample/PublicKeyPinningConnectionDelegate.h; sourceTree = "<group>"; };
		1B6AEF2F197F47FD00C0419D /* PublicKeyPinningConnectionDelegate.m */ = {isa = PBXFileReference; fileEncoding = 4; lastKnownFileType = sourcecode.c.objc; name = PublicKeyPinningConnectionDelegate.m; path = ../PublicKeyPinningExample/PublicKeyPinningConnectionDelegate.m; sourceTree = "<group>"; };
		1B6AEF31197F4F5100C0419D /* Security.framework */ = {isa = PBXFileReference; lastKnownFileType = wrapper.framework; name = Security.framework; path = System/Library/Frameworks/Security.framework; sourceTree = SDKROOT; };
		1B6AEF37197F505300C0419D /* libPublicKeyPinningConnection.a */ = {isa = PBXFileReference; explicitFileType = archive.ar; includeInIndex = 0; path = libPublicKeyPinningConnection.a; sourceTree = BUILT_PRODUCTS_DIR; };
		1B6AEF3B197F505300C0419D /* PublicKeyPinningConnection-Prefix.pch */ = {isa = PBXFileReference; lastKnownFileType = sourcecode.c.h; path = "PublicKeyPinningConnection-Prefix.pch"; sourceTree = "<group>"; };
		1B6AEF44197F505300C0419D /* PublicKeyPinningConnectionTests.xctest */ = {isa = PBXFileReference; explicitFileType = wrapper.cfbundle; includeInIndex = 0; path = PublicKeyPinningConnectionTests.xctest; sourceTree = BUILT_PRODUCTS_DIR; };
		1B6AEF4D197F505300C0419D /* PublicKeyPinningConnectionTests-Info.plist */ = {isa = PBXFileReference; lastKnownFileType = text.plist.xml; path = "PublicKeyPinningConnectionTests-Info.plist"; sourceTree = "<group>"; };
		1B6AEF4F197F505300C0419D /* en */ = {isa = PBXFileReference; lastKnownFileType = text.plist.strings; name = en; path = en.lproj/InfoPlist.strings; sourceTree = "<group>"; };
		1B6AEF51197F505300C0419D /* PublicKeyPinningConnectionTests.m */ = {isa = PBXFileReference; lastKnownFileType = sourcecode.c.objc; path = PublicKeyPinningConnectionTests.m; sourceTree = "<group>"; };
/* End PBXFileReference section */

/* Begin PBXFrameworksBuildPhase section */
		1B6AEF34197F505300C0419D /* Frameworks */ = {
			isa = PBXFrameworksBuildPhase;
			buildActionMask = 2147483647;
			files = (
				1B6AEF59197F506300C0419D /* Security.framework in Frameworks */,
				1B6AEF38197F505300C0419D /* Foundation.framework in Frameworks */,
			);
			runOnlyForDeploymentPostprocessing = 0;
		};
		1B6AEF41197F505300C0419D /* Frameworks */ = {
			isa = PBXFrameworksBuildPhase;
			buildActionMask = 2147483647;
			files = (
				1B6AEF4A197F505300C0419D /* libPublicKeyPinningConnection.a in Frameworks */,
				1B6AEF45197F505300C0419D /* XCTest.framework in Frameworks */,
				1B6AEF47197F505300C0419D /* UIKit.framework in Frameworks */,
				1B6AEF46197F505300C0419D /* Foundation.framework in Frameworks */,
			);
			runOnlyForDeploymentPostprocessing = 0;
		};
/* End PBXFrameworksBuildPhase section */

/* Begin PBXGroup section */
		1B6AEEEB197F47C400C0419D = {
			isa = PBXGroup;
			children = (
				1B6AEF2C197F47D600C0419D /* README.md */,
				1B6AEF39197F505300C0419D /* PublicKeyPinningConnection */,
				1B6AEF4B197F505300C0419D /* PublicKeyPinningConnectionTests */,
				1B6AEEF6197F47C400C0419D /* Frameworks */,
				1B6AEEF5197F47C400C0419D /* Products */,
			);
			sourceTree = "<group>";
		};
		1B6AEEF5197F47C400C0419D /* Products */ = {
			isa = PBXGroup;
			children = (
				1B6AEF37197F505300C0419D /* libPublicKeyPinningConnection.a */,
				1B6AEF44197F505300C0419D /* PublicKeyPinningConnectionTests.xctest */,
			);
			name = Products;
			sourceTree = "<group>";
		};
		1B6AEEF6197F47C400C0419D /* Frameworks */ = {
			isa = PBXGroup;
			children = (
				1B6AEF31197F4F5100C0419D /* Security.framework */,
				1B6AEEF7197F47C400C0419D /* Foundation.framework */,
				1B6AEEF9197F47C400C0419D /* CoreGraphics.framework */,
				1B6AEEFB197F47C400C0419D /* UIKit.framework */,
				1B6AEF16197F47C400C0419D /* XCTest.framework */,
			);
			name = Frameworks;
			sourceTree = "<group>";
		};
		1B6AEF39197F505300C0419D /* PublicKeyPinningConnection */ = {
			isa = PBXGroup;
			children = (
				1B6AEF2E197F47FD00C0419D /* PublicKeyPinningConnectionDelegate.h */,
				1B6AEF2F197F47FD00C0419D /* PublicKeyPinningConnectionDelegate.m */,
				1B6AEF3A197F505300C0419D /* Supporting Files */,
			);
			path = PublicKeyPinningConnection;
			sourceTree = "<group>";
		};
		1B6AEF3A197F505300C0419D /* Supporting Files */ = {
			isa = PBXGroup;
			children = (
				1B6AEF3B197F505300C0419D /* PublicKeyPinningConnection-Prefix.pch */,
			);
			name = "Supporting Files";
			sourceTree = "<group>";
		};
		1B6AEF4B197F505300C0419D /* PublicKeyPinningConnectionTests */ = {
			isa = PBXGroup;
			children = (
				1B6AEF51197F505300C0419D /* PublicKeyPinningConnectionTests.m */,
				1B6AEF4C197F505300C0419D /* Supporting Files */,
			);
			path = PublicKeyPinningConnectionTests;
			sourceTree = "<group>";
		};
		1B6AEF4C197F505300C0419D /* Supporting Files */ = {
			isa = PBXGroup;
			children = (
				1B6AEF4D197F505300C0419D /* PublicKeyPinningConnectionTests-Info.plist */,
				1B6AEF4E197F505300C0419D /* InfoPlist.strings */,
			);
			name = "Supporting Files";
			sourceTree = "<group>";
		};
/* End PBXGroup section */

/* Begin PBXNativeTarget section */
		1B6AEF36197F505300C0419D /* PublicKeyPinningConnection */ = {
			isa = PBXNativeTarget;
			buildConfigurationList = 1B6AEF53197F505300C0419D /* Build configuration list for PBXNativeTarget "PublicKeyPinningConnection" */;
			buildPhases = (
				1B6AEF33197F505300C0419D /* Sources */,
				1B6AEF34197F505300C0419D /* Frameworks */,
				1B6AEF35197F505300C0419D /* CopyFiles */,
			);
			buildRules = (
			);
			dependencies = (
			);
			name = PublicKeyPinningConnection;
			productName = PublicKeyPinningConnection;
			productReference = 1B6AEF37197F505300C0419D /* libPublicKeyPinningConnection.a */;
			productType = "com.apple.product-type.library.static";
		};
		1B6AEF43197F505300C0419D /* PublicKeyPinningConnectionTests */ = {
			isa = PBXNativeTarget;
			buildConfigurationList = 1B6AEF56197F505300C0419D /* Build configuration list for PBXNativeTarget "PublicKeyPinningConnectionTests" */;
			buildPhases = (
				1B6AEF40197F505300C0419D /* Sources */,
				1B6AEF41197F505300C0419D /* Frameworks */,
				1B6AEF42197F505300C0419D /* Resources */,
			);
			buildRules = (
			);
			dependencies = (
				1B6AEF49197F505300C0419D /* PBXTargetDependency */,
			);
			name = PublicKeyPinningConnectionTests;
			productName = PublicKeyPinningConnectionTests;
			productReference = 1B6AEF44197F505300C0419D /* PublicKeyPinningConnectionTests.xctest */;
			productType = "com.apple.product-type.bundle.unit-test";
		};
/* End PBXNativeTarget section */

/* Begin PBXProject section */
		1B6AEEEC197F47C400C0419D /* Project object */ = {
			isa = PBXProject;
			attributes = {
				LastUpgradeCheck = 0510;
				ORGANIZATIONNAME = "Dan Zinngrabe";
				TargetAttributes = {
					1B6AEF43197F505300C0419D = {
						TestTargetID = 1B6AEEF3197F47C400C0419D;
					};
				};
			};
			buildConfigurationList = 1B6AEEEF197F47C400C0419D /* Build configuration list for PBXProject "PublicKeyPinningExample" */;
			compatibilityVersion = "Xcode 3.2";
			developmentRegion = English;
			hasScannedForEncodings = 0;
			knownRegions = (
				en,
				Base,
			);
			mainGroup = 1B6AEEEB197F47C400C0419D;
			productRefGroup = 1B6AEEF5197F47C400C0419D /* Products */;
			projectDirPath = "";
			projectRoot = "";
			targets = (
				1B6AEF36197F505300C0419D /* PublicKeyPinningConnection */,
				1B6AEF43197F505300C0419D /* PublicKeyPinningConnectionTests */,
			);
		};
/* End PBXProject section */

/* Begin PBXResourcesBuildPhase section */
		1B6AEF42197F505300C0419D /* Resources */ = {
			isa = PBXResourcesBuildPhase;
			buildActionMask = 2147483647;
			files = (
				1B6AEF50197F505300C0419D /* InfoPlist.strings in Resources */,
			);
			runOnlyForDeploymentPostprocessing = 0;
		};
/* End PBXResourcesBuildPhase section */

/* Begin PBXSourcesBuildPhase section */
		1B6AEF33197F505300C0419D /* Sources */ = {
			isa = PBXSourcesBuildPhase;
			buildActionMask = 2147483647;
			files = (
				1B6AEF5B197F50C000C0419D /* PublicKeyPinningConnectionDelegate.m in Sources */,
			);
			runOnlyForDeploymentPostprocessing = 0;
		};
		1B6AEF40197F505300C0419D /* Sources */ = {
			isa = PBXSourcesBuildPhase;
			buildActionMask = 2147483647;
			files = (
				1B6AEF52197F505300C0419D /* PublicKeyPinningConnectionTests.m in Sources */,
			);
			runOnlyForDeploymentPostprocessing = 0;
		};
/* End PBXSourcesBuildPhase section */

/* Begin PBXTargetDependency section */
		1B6AEF49197F505300C0419D /* PBXTargetDependency */ = {
			isa = PBXTargetDependency;
			target = 1B6AEF36197F505300C0419D /* PublicKeyPinningConnection */;
			targetProxy = 1B6AEF48197F505300C0419D /* PBXContainerItemProxy */;
		};
/* End PBXTargetDependency section */

/* Begin PBXVariantGroup section */
		1B6AEF4E197F505300C0419D /* InfoPlist.strings */ = {
			isa = PBXVariantGroup;
			children = (
				1B6AEF4F197F505300C0419D /* en */,
			);
			name = InfoPlist.strings;
			sourceTree = "<group>";
		};
/* End PBXVariantGroup section */

/* Begin XCBuildConfiguration section */
		1B6AEF24197F47C400C0419D /* Debug */ = {
			isa = XCBuildConfiguration;
			buildSettings = {
				ALWAYS_SEARCH_USER_PATHS = NO;
				CLANG_CXX_LANGUAGE_STANDARD = "gnu++0x";
				CLANG_CXX_LIBRARY = "libc++";
				CLANG_ENABLE_MODULES = YES;
				CLANG_ENABLE_OBJC_ARC = YES;
				CLANG_WARN_BOOL_CONVERSION = YES;
				CLANG_WARN_CONSTANT_CONVERSION = YES;
				CLANG_WARN_DIRECT_OBJC_ISA_USAGE = YES_ERROR;
				CLANG_WARN_EMPTY_BODY = YES;
				CLANG_WARN_ENUM_CONVERSION = YES;
				CLANG_WARN_INT_CONVERSION = YES;
				CLANG_WARN_OBJC_ROOT_CLASS = YES_ERROR;
				CLANG_WARN__DUPLICATE_METHOD_MATCH = YES;
				"CODE_SIGN_IDENTITY[sdk=iphoneos*]" = "iPhone Developer";
				COPY_PHASE_STRIP = NO;
				GCC_C_LANGUAGE_STANDARD = gnu99;
				GCC_DYNAMIC_NO_PIC = NO;
				GCC_OPTIMIZATION_LEVEL = 0;
				GCC_PREPROCESSOR_DEFINITIONS = (
					"DEBUG=1",
					"$(inherited)",
				);
				GCC_SYMBOLS_PRIVATE_EXTERN = NO;
				GCC_WARN_64_TO_32_BIT_CONVERSION = YES;
				GCC_WARN_ABOUT_RETURN_TYPE = YES_ERROR;
				GCC_WARN_UNDECLARED_SELECTOR = YES;
				GCC_WARN_UNINITIALIZED_AUTOS = YES_AGGRESSIVE;
				GCC_WARN_UNUSED_FUNCTION = YES;
				GCC_WARN_UNUSED_VARIABLE = YES;
				IPHONEOS_DEPLOYMENT_TARGET = 7.1;
				ONLY_ACTIVE_ARCH = YES;
				SDKROOT = iphoneos;
			};
			name = Debug;
		};
		1B6AEF25197F47C400C0419D /* Release */ = {
			isa = XCBuildConfiguration;
			buildSettings = {
				ALWAYS_SEARCH_USER_PATHS = NO;
				CLANG_CXX_LANGUAGE_STANDARD = "gnu++0x";
				CLANG_CXX_LIBRARY = "libc++";
				CLANG_ENABLE_MODULES = YES;
				CLANG_ENABLE_OBJC_ARC = YES;
				CLANG_WARN_BOOL_CONVERSION = YES;
				CLANG_WARN_CONSTANT_CONVERSION = YES;
				CLANG_WARN_DIRECT_OBJC_ISA_USAGE = YES_ERROR;
				CLANG_WARN_EMPTY_BODY = YES;
				CLANG_WARN_ENUM_CONVERSION = YES;
				CLANG_WARN_INT_CONVERSION = YES;
				CLANG_WARN_OBJC_ROOT_CLASS = YES_ERROR;
				CLANG_WARN__DUPLICATE_METHOD_MATCH = YES;
				"CODE_SIGN_IDENTITY[sdk=iphoneos*]" = "iPhone Developer";
				COPY_PHASE_STRIP = YES;
				ENABLE_NS_ASSERTIONS = NO;
				GCC_C_LANGUAGE_STANDARD = gnu99;
				GCC_WARN_64_TO_32_BIT_CONVERSION = YES;
				GCC_WARN_ABOUT_RETURN_TYPE = YES_ERROR;
				GCC_WARN_UNDECLARED_SELECTOR = YES;
				GCC_WARN_UNINITIALIZED_AUTOS = YES_AGGRESSIVE;
				GCC_WARN_UNUSED_FUNCTION = YES;
				GCC_WARN_UNUSED_VARIABLE = YES;
				IPHONEOS_DEPLOYMENT_TARGET = 7.1;
				SDKROOT = iphoneos;
				VALIDATE_PRODUCT = YES;
			};
			name = Release;
		};
		1B6AEF54197F505300C0419D /* Debug */ = {
			isa = XCBuildConfiguration;
			buildSettings = {
				DSTROOT = /tmp/PublicKeyPinningConnection.dst;
				GCC_PRECOMPILE_PREFIX_HEADER = YES;
				GCC_PREFIX_HEADER = "PublicKeyPinningConnection/PublicKeyPinningConnection-Prefix.pch";
				GCC_PREPROCESSOR_DEFINITIONS = (
					"DEBUG=1",
					"$(inherited)",
				);
				OTHER_LDFLAGS = "-ObjC";
				PRODUCT_NAME = "$(TARGET_NAME)";
				SKIP_INSTALL = YES;
			};
			name = Debug;
		};
		1B6AEF55197F505300C0419D /* Release */ = {
			isa = XCBuildConfiguration;
			buildSettings = {
				DSTROOT = /tmp/PublicKeyPinningConnection.dst;
				GCC_PRECOMPILE_PREFIX_HEADER = YES;
				GCC_PREFIX_HEADER = "PublicKeyPinningConnection/PublicKeyPinningConnection-Prefix.pch";
				OTHER_LDFLAGS = "-ObjC";
				PRODUCT_NAME = "$(TARGET_NAME)";
				SKIP_INSTALL = YES;
			};
			name = Release;
		};
		1B6AEF57197F505300C0419D /* Debug */ = {
			isa = XCBuildConfiguration;
			buildSettings = {
				BUNDLE_LOADER = "$(BUILT_PRODUCTS_DIR)/PublicKeyPinningExample.app/PublicKeyPinningExample";
				FRAMEWORK_SEARCH_PATHS = (
					"$(SDKROOT)/Developer/Library/Frameworks",
					"$(inherited)",
					"$(DEVELOPER_FRAMEWORKS_DIR)",
				);
				GCC_PRECOMPILE_PREFIX_HEADER = YES;
				GCC_PREFIX_HEADER = "PublicKeyPinningConnection/PublicKeyPinningConnection-Prefix.pch";
				GCC_PREPROCESSOR_DEFINITIONS = (
					"DEBUG=1",
					"$(inherited)",
				);
				INFOPLIST_FILE = "PublicKeyPinningConnectionTests/PublicKeyPinningConnectionTests-Info.plist";
				PRODUCT_NAME = "$(TARGET_NAME)";
				TEST_HOST = "$(BUNDLE_LOADER)";
				WRAPPER_EXTENSION = xctest;
			};
			name = Debug;
		};
		1B6AEF58197F505300C0419D /* Release */ = {
			isa = XCBuildConfiguration;
			buildSettings = {
				BUNDLE_LOADER = "$(BUILT_PRODUCTS_DIR)/PublicKeyPinningExample.app/PublicKeyPinningExample";
				FRAMEWORK_SEARCH_PATHS = (
					"$(SDKROOT)/Developer/Library/Frameworks",
					"$(inherited)",
					"$(DEVELOPER_FRAMEWORKS_DIR)",
				);
				GCC_PRECOMPILE_PREFIX_HEADER = YES;
				GCC_PREFIX_HEADER = "PublicKeyPinningConnection/PublicKeyPinningConnection-Prefix.pch";
				INFOPLIST_FILE = "PublicKeyPinningConnectionTests/PublicKeyPinningConnectionTests-Info.plist";
				PRODUCT_NAME = "$(TARGET_NAME)";
				TEST_HOST = "$(BUNDLE_LOADER)";
				WRAPPER_EXTENSION = xctest;
			};
			name = Release;
		};
/* End XCBuildConfiguration section */

/* Begin XCConfigurationList section */
		1B6AEEEF197F47C400C0419D /* Build configuration list for PBXProject "PublicKeyPinningExample" */ = {
			isa = XCConfigurationList;
			buildConfigurations = (
				1B6AEF24197F47C400C0419D /* Debug */,
				1B6AEF25197F47C400C0419D /* Release */,
			);
			defaultConfigurationIsVisible = 0;
			defaultConfigurationName = Release;
		};
		1B6AEF53197F505300C0419D /* Build configuration list for PBXNativeTarget "PublicKeyPinningConnection" */ = {
			isa = XCConfigurationList;
			buildConfigurations = (
				1B6AEF54197F505300C0419D /* Debug */,
				1B6AEF55197F505300C0419D /* Release */,
			);
			defaultConfigurationIsVisible = 0;
		};
		1B6AEF56197F505300C0419D /* Build configuration list for PBXNativeTarget "PublicKeyPinningConnectionTests" */ = {
			isa = XCConfigurationList;
			buildConfigurations = (
				1B6AEF57197F505300C0419D /* Debug */,
				1B6AEF58197F505300C0419D /* Release */,
			);
			defaultConfigurationIsVisible = 0;
		};
/* End XCConfigurationList section */
	};
	rootObject = 1B6AEEEC197F47C400C0419D /* Project object */;
}
